#MicroXplorer Configuration settings - do not modify
CAD.formats=[]
CAD.pinconfig=Project naming
CAD.provider=
File.Version=6
GPIO.groupedBy=Group By Peripherals
KeepUserPlacement=false
LPTIM1.ClockPrescaler=LPTIM_PRESCALER_DIV2
LPTIM1.IPParameters=ClockPrescaler
LPUART1.BaudRate=115200
LPUART1.IPParameters=BaudRate,WordLength,OneBitSampling,OverrunDisableParam
LPUART1.OneBitSampling=UART_ONE_BIT_SAMPLE_DISABLE
LPUART1.OverrunDisableParam=UART_ADVFEATURE_OVERRUN_DISABLE
LPUART1.WordLength=UART_WORDLENGTH_8B
Mcu.CPN=STM32L010R8T6
Mcu.Family=STM32L0
Mcu.IP0=LPTIM1
Mcu.IP1=LPUART1
Mcu.IP2=NVIC
Mcu.IP3=RCC
Mcu.IP4=SPI1
Mcu.IP5=SYS
Mcu.IP6=USART2
Mcu.IPNb=7
Mcu.Name=STM32L010R8Tx
Mcu.Package=LQFP64
Mcu.Pin0=PC0
Mcu.Pin1=PC1
Mcu.Pin10=PC5
Mcu.Pin11=PB10
Mcu.Pin12=PB11
Mcu.Pin13=PB12
Mcu.Pin14=PB13
Mcu.Pin15=PB14
Mcu.Pin16=PB15
Mcu.Pin17=PC6
Mcu.Pin18=PC7
Mcu.Pin19=PC8
Mcu.Pin2=PC2
Mcu.Pin20=PC9
Mcu.Pin21=PA8
Mcu.Pin22=PA9
Mcu.Pin23=PA10
Mcu.Pin24=PA11
Mcu.Pin25=PA12
Mcu.Pin26=PA13
Mcu.Pin27=PA14
Mcu.Pin28=PC10
Mcu.Pin29=PC11
Mcu.Pin3=PA0
Mcu.Pin30=PC12
Mcu.Pin31=PD2
Mcu.Pin32=PB3
Mcu.Pin33=PB4
Mcu.Pin34=PB5
Mcu.Pin35=PB6
Mcu.Pin36=VP_LPTIM1_VS_LPTIM_counterModeInternalClock
Mcu.Pin37=VP_SYS_VS_Systick
Mcu.Pin4=PA2
Mcu.Pin5=PA3
Mcu.Pin6=PA5
Mcu.Pin7=PA6
Mcu.Pin8=PA7
Mcu.Pin9=PC4
Mcu.PinsNb=38
Mcu.ThirdPartyNb=0
Mcu.UserConstants=
Mcu.UserName=STM32L010R8Tx
MxCube.Version=6.8.1
MxDb.Version=DB.6.0.81
NVIC.ForceEnableDMAVector=true
NVIC.HardFault_IRQn=true\:0\:0\:false\:false\:true\:false\:false\:false
NVIC.LPTIM1_IRQn=true\:0\:0\:false\:false\:true\:true\:true\:true
NVIC.NonMaskableInt_IRQn=true\:0\:0\:false\:false\:true\:false\:false\:false
NVIC.PendSV_IRQn=true\:0\:0\:false\:false\:true\:false\:false\:false
NVIC.SVC_IRQn=true\:0\:0\:false\:false\:true\:false\:false\:true
NVIC.SysTick_IRQn=true\:3\:0\:false\:false\:true\:false\:true\:false
PA0.GPIOParameters=GPIO_Label
PA0.GPIO_Label=Out_Buzzer
PA0.Locked=true
PA0.Signal=GPIO_Output
PA10.GPIOParameters=GPIO_Label
PA10.GPIO_Label=Out_LED2
PA10.Locked=true
PA10.Signal=GPIO_Output
PA11.GPIOParameters=GPIO_Label
PA11.GPIO_Label=Out_LED1
PA11.Locked=true
PA11.Signal=GPIO_Output
PA12.GPIOParameters=GPIO_Label
PA12.GPIO_Label=Out_TempBuzzer
PA12.Locked=true
PA12.Signal=GPIO_Output
PA13.Mode=Serial_Wire
PA13.Signal=SYS_SWDIO
PA14.Locked=true
PA14.Mode=Serial_Wire
PA14.Signal=SYS_SWCLK
PA2.GPIOParameters=GPIO_Label
PA2.GPIO_Label=Debug_UART2_TX
PA2.Mode=Asynchronous
PA2.Signal=USART2_TX
PA3.GPIOParameters=GPIO_Label
PA3.GPIO_Label=Debug_UART2_RX
PA3.Mode=Asynchronous
PA3.Signal=USART2_RX
PA5.GPIOParameters=GPIO_Label
PA5.GPIO_Label=Display_SPI1_SCK
PA5.Mode=TX_Only_Simplex_Unidirect_Master
PA5.Signal=SPI1_SCK
PA6.GPIOParameters=GPIO_Label
PA6.GPIO_Label=Display_SPI1_CS
PA6.Locked=true
PA6.Signal=GPIO_Output
PA7.GPIOParameters=GPIO_Label
PA7.GPIO_Label=Display_SPI1_MOSI
PA7.Mode=TX_Only_Simplex_Unidirect_Master
PA7.Signal=SPI1_MOSI
PA8.GPIOParameters=GPIO_Label
PA8.GPIO_Label=Out_LED4
PA8.Locked=true
PA8.Signal=GPIO_Output
PA9.GPIOParameters=GPIO_Label
PA9.GPIO_Label=Out_LED3
PA9.Locked=true
PA9.Signal=GPIO_Output
PB10.GPIOParameters=GPIO_Label
PB10.GPIO_Label=Data_UART1_TX
PB10.Locked=true
PB10.Mode=Asynchronous
PB10.Signal=LPUART1_TX
PB11.GPIOParameters=GPIO_Label
PB11.GPIO_Label=Data_UART1_RX
PB11.Locked=true
PB11.Mode=Asynchronous
PB11.Signal=LPUART1_RX
PB12.GPIOParameters=GPIO_Label
PB12.GPIO_Label=Out_LED12
PB12.Locked=true
PB12.Signal=GPIO_Output
PB13.GPIOParameters=GPIO_Label
PB13.GPIO_Label=Out_LED11
PB13.Locked=true
PB13.Signal=GPIO_Output
PB14.GPIOParameters=GPIO_Label
PB14.GPIO_Label=Out_LED10
PB14.Locked=true
PB14.Signal=GPIO_Output
PB15.GPIOParameters=GPIO_Label
PB15.GPIO_Label=Out_LED9
PB15.Locked=true
PB15.Signal=GPIO_Output
PB3.GPIOParameters=GPIO_Label
PB3.GPIO_Label=Out_LED16
PB3.Locked=true
PB3.Signal=GPIO_Output
PB4.GPIOParameters=GPIO_Label
PB4.GPIO_Label=Out_LED15
PB4.Locked=true
PB4.Signal=GPIO_Output
PB5.GPIOParameters=GPIO_Label
PB5.GPIO_Label=Out_LED14
PB5.Locked=true
PB5.Signal=GPIO_Output
PB6.GPIOParameters=GPIO_Label
PB6.GPIO_Label=Out_LED13
PB6.Locked=true
PB6.Signal=GPIO_Output
PC0.GPIOParameters=GPIO_PuPd,GPIO_Label
PC0.GPIO_Label=In_Btn_NextPage
PC0.GPIO_PuPd=GPIO_NOPULL
PC0.Locked=true
PC0.Signal=GPIO_Input
PC1.GPIOParameters=GPIO_PuPd,GPIO_Label
PC1.GPIO_Label=In_Btn_PartyMode
PC1.GPIO_PuPd=GPIO_NOPULL
PC1.Locked=true
PC1.Signal=GPIO_Input
PC10.GPIOParameters=GPIO_Label
PC10.GPIO_Label=Out_LED20
PC10.Locked=true
PC10.Signal=GPIO_Output
PC11.GPIOParameters=GPIO_Label
PC11.GPIO_Label=Out_LED19
PC11.Locked=true
PC11.Signal=GPIO_Output
PC12.GPIOParameters=GPIO_Label
PC12.GPIO_Label=Out_LED18
PC12.Locked=true
PC12.Signal=GPIO_Output
PC2.GPIOParameters=GPIO_Label
PC2.GPIO_Label=In_CommStrobe
PC2.Locked=true
PC2.Signal=GPIO_Input
PC4.GPIOParameters=GPIO_Label
PC4.GPIO_Label=Display_RST
PC4.Locked=true
PC4.Signal=GPIO_Output
PC5.GPIOParameters=GPIO_Label
PC5.GPIO_Label=Display_DC
PC5.Locked=true
PC5.Signal=GPIO_Output
PC6.GPIOParameters=GPIO_Label
PC6.GPIO_Label=Out_LED8
PC6.Locked=true
PC6.Signal=GPIO_Output
PC7.GPIOParameters=GPIO_Label
PC7.GPIO_Label=Out_LED7
PC7.Locked=true
PC7.Signal=GPIO_Output
PC8.GPIOParameters=GPIO_Label
PC8.GPIO_Label=Out_LED6
PC8.Locked=true
PC8.Signal=GPIO_Output
PC9.GPIOParameters=GPIO_Label
PC9.GPIO_Label=Out_LED5
PC9.Locked=true
PC9.Signal=GPIO_Output
PD2.GPIOParameters=GPIO_Label
PD2.GPIO_Label=Out_LED17
PD2.Locked=true
PD2.Signal=GPIO_Output
PinOutPanel.RotationAngle=0
ProjectManager.AskForMigrate=true
ProjectManager.BackupPrevious=false
ProjectManager.CompilerOptimize=6
ProjectManager.ComputerToolchain=false
ProjectManager.CoupleFile=false
ProjectManager.CustomerFirmwarePackage=
ProjectManager.DefaultFWLocation=true
ProjectManager.DeletePrevious=true
ProjectManager.DeviceId=STM32L010R8Tx
ProjectManager.FirmwarePackage=STM32Cube FW_L0 V1.12.2
ProjectManager.FreePins=false
ProjectManager.HalAssertFull=false
ProjectManager.HeapSize=0x200
ProjectManager.KeepUserCode=true
ProjectManager.LastFirmware=true
ProjectManager.LibraryCopy=1
ProjectManager.MainLocation=Core/Src
ProjectManager.NoMain=false
ProjectManager.PreviousToolchain=STM32CubeIDE
ProjectManager.ProjectBuild=false
ProjectManager.ProjectFileName=Prod-NoHatBadge.ioc
ProjectManager.ProjectName=Prod-NoHatBadge
ProjectManager.ProjectStructure=
ProjectManager.RegisterCallBack=
ProjectManager.StackSize=0x400
ProjectManager.TargetToolchain=STM32CubeIDE
ProjectManager.ToolChainLocation=
ProjectManager.UnderRoot=true
ProjectManager.functionlistsort=1-SystemClock_Config-RCC-false-HAL-false,2-MX_GPIO_Init-GPIO-false-HAL-true,3-MX_LPUART1_UART_Init-LPUART1-false-HAL-true,4-MX_SPI1_Init-SPI1-false-HAL-true,5-MX_USART2_UART_Init-USART2-false-HAL-true,6-MX_LPTIM1_Init-LPTIM1-false-HAL-true
RCC.AHBFreq_Value=2097000
RCC.APB1Freq_Value=2097000
RCC.APB1TimFreq_Value=2097000
RCC.APB2Freq_Value=2097000
RCC.APB2TimFreq_Value=2097000
RCC.FamilyName=M
RCC.HSE_VALUE=8000000
RCC.HSI16_VALUE=16000000
RCC.HSI_VALUE=16000000
RCC.I2C1Freq_Value=2097000
RCC.IPParameters=AHBFreq_Value,APB1Freq_Value,APB1TimFreq_Value,APB2Freq_Value,APB2TimFreq_Value,FamilyName,HSE_VALUE,HSI16_VALUE,HSI_VALUE,I2C1Freq_Value,LPTIMFreq_Value,LPUARTFreq_Value,LSE_VALUE,LSI_VALUE,MSI_VALUE,PLLCLKFreq_Value,RTCFreq_Value,RTCHSEDivFreq_Value,SYSCLKFreq_VALUE,TIMFreq_Value,USART2Freq_Value,VCOOutputFreq_Value,WatchDogFreq_Value
RCC.LPTIMFreq_Value=2097000
RCC.LPUARTFreq_Value=2097000
RCC.LSE_VALUE=32768
RCC.LSI_VALUE=37000
RCC.MSI_VALUE=2097000
RCC.PLLCLKFreq_Value=24000000
RCC.RTCFreq_Value=37000
RCC.RTCHSEDivFreq_Value=4000000
RCC.SYSCLKFreq_VALUE=2097000
RCC.TIMFreq_Value=2097000
RCC.USART2Freq_Value=2097000
RCC.VCOOutputFreq_Value=48000000
RCC.WatchDogFreq_Value=37000
SPI1.CalculateBaudRate=1.0485 MBits/s
SPI1.Direction=SPI_DIRECTION_2LINES
SPI1.IPParameters=VirtualType,Mode,Direction,CalculateBaudRate
SPI1.Mode=SPI_MODE_MASTER
SPI1.VirtualType=VM_MASTER
USART2.IPParameters=VirtualMode-Asynchronous,OverrunDisableParam
USART2.OverrunDisableParam=ADVFEATURE_OVERRUN_DISABLE
USART2.VirtualMode-Asynchronous=VM_ASYNC
VP_LPTIM1_VS_LPTIM_counterModeInternalClock.Mode=Counts__internal_clock_event_00
VP_LPTIM1_VS_LPTIM_counterModeInternalClock.Signal=LPTIM1_VS_LPTIM_counterModeInternalClock
VP_SYS_VS_Systick.Mode=SysTick
VP_SYS_VS_Systick.Signal=SYS_VS_Systick
board=custom
isbadioc=false
